// !$*UTF8*$!
{
	archiveVersion = 1;
	classes = {
	};
	objectVersion = 50;
	objects = {

/* Begin PBXBuildFile section */
		6306410626961F58009D7E45 /* AppDelegate.swift in Sources */ = {isa = PBXBuildFile; fileRef = 6306410526961F58009D7E45 /* AppDelegate.swift */; };
		6306410A26961F58009D7E45 /* RootVC.swift in Sources */ = {isa = PBXBuildFile; fileRef = 6306410926961F58009D7E45 /* RootVC.swift */; };
		6306411026961F58009D7E45 /* PhotoCD.xcdatamodeld in Sources */ = {isa = PBXBuildFile; fileRef = 6306410E26961F58009D7E45 /* PhotoCD.xcdatamodeld */; };
		6306411226961F5A009D7E45 /* Assets.xcassets in Resources */ = {isa = PBXBuildFile; fileRef = 6306411126961F5A009D7E45 /* Assets.xcassets */; };
		6306411526961F5A009D7E45 /* LaunchScreen.storyboard in Resources */ = {isa = PBXBuildFile; fileRef = 6306411326961F5A009D7E45 /* LaunchScreen.storyboard */; };
		6306411D2696FA3C009D7E45 /* PhotoCell.swift in Sources */ = {isa = PBXBuildFile; fileRef = 6306411C2696FA3B009D7E45 /* PhotoCell.swift */; };
		630641212696FCA7009D7E45 /* Photo.swift in Sources */ = {isa = PBXBuildFile; fileRef = 630641202696FCA7009D7E45 /* Photo.swift */; };
		630641232696FFB0009D7E45 /* NetworkServise.swift in Sources */ = {isa = PBXBuildFile; fileRef = 630641222696FFB0009D7E45 /* NetworkServise.swift */; };
		63064127269702C2009D7E45 /* Extension.swift in Sources */ = {isa = PBXBuildFile; fileRef = 63064126269702C2009D7E45 /* Extension.swift */; };
		638F5AC126978B9D00866112 /* CellVM.swift in Sources */ = {isa = PBXBuildFile; fileRef = 638F5AC026978B9D00866112 /* CellVM.swift */; };
		638F5ACD2697DB6000866112 /* PhotoLib.swift in Sources */ = {isa = PBXBuildFile; fileRef = 638F5ACC2697DB6000866112 /* PhotoLib.swift */; };
		63C161EE26975B3F001AF452 /* RootVM.swift in Sources */ = {isa = PBXBuildFile; fileRef = 63C161ED26975B3F001AF452 /* RootVM.swift */; };
		63C161F02697670C001AF452 /* DataSource.swift in Sources */ = {isa = PBXBuildFile; fileRef = 63C161EF2697670C001AF452 /* DataSource.swift */; };
/* End PBXBuildFile section */

/* Begin PBXFileReference section */
		6306410226961F58009D7E45 /* kingbirdTestWork.app */ = {isa = PBXFileReference; explicitFileType = wrapper.application; includeInIndex = 0; path = kingbirdTestWork.app; sourceTree = BUILT_PRODUCTS_DIR; };
		6306410526961F58009D7E45 /* AppDelegate.swift */ = {isa = PBXFileReference; lastKnownFileType = sourcecode.swift; path = AppDelegate.swift; sourceTree = "<group>"; };
		6306410926961F58009D7E45 /* RootVC.swift */ = {isa = PBXFileReference; lastKnownFileType = sourcecode.swift; path = RootVC.swift; sourceTree = "<group>"; };
		6306410F26961F58009D7E45 /* kingbirdTestWork.xcdatamodel */ = {isa = PBXFileReference; lastKnownFileType = wrapper.xcdatamodel; path = kingbirdTestWork.xcdatamodel; sourceTree = "<group>"; };
		6306411126961F5A009D7E45 /* Assets.xcassets */ = {isa = PBXFileReference; lastKnownFileType = folder.assetcatalog; path = Assets.xcassets; sourceTree = "<group>"; };
		6306411426961F5A009D7E45 /* Base */ = {isa = PBXFileReference; lastKnownFileType = file.storyboard; name = Base; path = Base.lproj/LaunchScreen.storyboard; sourceTree = "<group>"; };
		6306411626961F5A009D7E45 /* Info.plist */ = {isa = PBXFileReference; lastKnownFileType = text.plist.xml; path = Info.plist; sourceTree = "<group>"; };
		6306411C2696FA3B009D7E45 /* PhotoCell.swift */ = {isa = PBXFileReference; lastKnownFileType = sourcecode.swift; path = PhotoCell.swift; sourceTree = "<group>"; };
		630641202696FCA7009D7E45 /* Photo.swift */ = {isa = PBXFileReference; lastKnownFileType = sourcecode.swift; path = Photo.swift; sourceTree = "<group>"; };
		630641222696FFB0009D7E45 /* NetworkServise.swift */ = {isa = PBXFileReference; lastKnownFileType = sourcecode.swift; path = NetworkServise.swift; sourceTree = "<group>"; };
		63064126269702C2009D7E45 /* Extension.swift */ = {isa = PBXFileReference; lastKnownFileType = sourcecode.swift; path = Extension.swift; sourceTree = "<group>"; };
		638F5AC026978B9D00866112 /* CellVM.swift */ = {isa = PBXFileReference; lastKnownFileType = sourcecode.swift; path = CellVM.swift; sourceTree = "<group>"; };
		638F5ACC2697DB6000866112 /* PhotoLib.swift */ = {isa = PBXFileReference; fileEncoding = 4; lastKnownFileType = sourcecode.swift; path = PhotoLib.swift; sourceTree = "<group>"; };
		63C161ED26975B3F001AF452 /* RootVM.swift */ = {isa = PBXFileReference; lastKnownFileType = sourcecode.swift; path = RootVM.swift; sourceTree = "<group>"; };
		63C161EF2697670C001AF452 /* DataSource.swift */ = {isa = PBXFileReference; lastKnownFileType = sourcecode.swift; path = DataSource.swift; sourceTree = "<group>"; };
/* End PBXFileReference section */

/* Begin PBXFrameworksBuildPhase section */
		630640FF26961F58009D7E45 /* Frameworks */ = {
			isa = PBXFrameworksBuildPhase;
			buildActionMask = 2147483647;
			files = (
			);
			runOnlyForDeploymentPostprocessing = 0;
		};
/* End PBXFrameworksBuildPhase section */

/* Begin PBXGroup section */
		630640F926961F58009D7E45 = {
			isa = PBXGroup;
			children = (
				6306410426961F58009D7E45 /* kingbirdTestWork */,
				6306410326961F58009D7E45 /* Products */,
			);
			sourceTree = "<group>";
		};
		6306410326961F58009D7E45 /* Products */ = {
			isa = PBXGroup;
			children = (
				6306410226961F58009D7E45 /* kingbirdTestWork.app */,
			);
			name = Products;
			sourceTree = "<group>";
		};
		6306410426961F58009D7E45 /* kingbirdTestWork */ = {
			isa = PBXGroup;
			children = (
				6306410526961F58009D7E45 /* AppDelegate.swift */,
				638F5ABC26978AF900866112 /* Scene */,
				630641222696FFB0009D7E45 /* NetworkServise.swift */,
				63C161EF2697670C001AF452 /* DataSource.swift */,
				63064126269702C2009D7E45 /* Extension.swift */,
				638F5ACC2697DB6000866112 /* PhotoLib.swift */,
				6306411126961F5A009D7E45 /* Assets.xcassets */,
				6306411326961F5A009D7E45 /* LaunchScreen.storyboard */,
				6306411626961F5A009D7E45 /* Info.plist */,
				6306410E26961F58009D7E45 /* PhotoCD.xcdatamodeld */,
			);
			path = kingbirdTestWork;
			sourceTree = "<group>";
		};
		638F5ABC26978AF900866112 /* Scene */ = {
			isa = PBXGroup;
			children = (
				638F5AC22697AAC000866112 /* RootVC */,
			);
			path = Scene;
			sourceTree = "<group>";
		};
		638F5ABD26978B0200866112 /* View */ = {
			isa = PBXGroup;
			children = (
				6306410926961F58009D7E45 /* RootVC.swift */,
				6306411C2696FA3B009D7E45 /* PhotoCell.swift */,
			);
			path = View;
			sourceTree = "<group>";
		};
		638F5ABE26978B1100866112 /* ViewModel */ = {
			isa = PBXGroup;
			children = (
				63C161ED26975B3F001AF452 /* RootVM.swift */,
				638F5AC026978B9D00866112 /* CellVM.swift */,
			);
			path = ViewModel;
			sourceTree = "<group>";
		};
		638F5ABF26978B3000866112 /*  Model */ = {
			isa = PBXGroup;
			children = (
				630641202696FCA7009D7E45 /* Photo.swift */,
			);
			path = " Model";
			sourceTree = "<group>";
		};
		638F5AC22697AAC000866112 /* RootVC */ = {
			isa = PBXGroup;
			children = (
				638F5ABF26978B3000866112 /*  Model */,
				638F5ABE26978B1100866112 /* ViewModel */,
				638F5ABD26978B0200866112 /* View */,
			);
			path = RootVC;
			sourceTree = "<group>";
		};
/* End PBXGroup section */

/* Begin PBXNativeTarget section */
		6306410126961F58009D7E45 /* kingbirdTestWork */ = {
			isa = PBXNativeTarget;
			buildConfigurationList = 6306411926961F5A009D7E45 /* Build configuration list for PBXNativeTarget "kingbirdTestWork" */;
			buildPhases = (
				630640FE26961F58009D7E45 /* Sources */,
				630640FF26961F58009D7E45 /* Frameworks */,
				6306410026961F58009D7E45 /* Resources */,
			);
			buildRules = (
			);
			dependencies = (
			);
			name = kingbirdTestWork;
			productName = kingbirdTestWork;
			productReference = 6306410226961F58009D7E45 /* kingbirdTestWork.app */;
			productType = "com.apple.product-type.application";
		};
/* End PBXNativeTarget section */

/* Begin PBXProject section */
		630640FA26961F58009D7E45 /* Project object */ = {
			isa = PBXProject;
			attributes = {
				LastSwiftUpdateCheck = 1250;
				LastUpgradeCheck = 1250;
				TargetAttributes = {
					6306410126961F58009D7E45 = {
						CreatedOnToolsVersion = 12.5.1;
					};
				};
			};
			buildConfigurationList = 630640FD26961F58009D7E45 /* Build configuration list for PBXProject "kingbirdTestWork" */;
			compatibilityVersion = "Xcode 9.3";
			developmentRegion = en;
			hasScannedForEncodings = 0;
			knownRegions = (
				en,
				Base,
			);
			mainGroup = 630640F926961F58009D7E45;
			productRefGroup = 6306410326961F58009D7E45 /* Products */;
			projectDirPath = "";
			projectRoot = "";
			targets = (
				6306410126961F58009D7E45 /* kingbirdTestWork */,
			);
		};
/* End PBXProject section */

/* Begin PBXResourcesBuildPhase section */
		6306410026961F58009D7E45 /* Resources */ = {
			isa = PBXResourcesBuildPhase;
			buildActionMask = 2147483647;
			files = (
				6306411526961F5A009D7E45 /* LaunchScreen.storyboard in Resources */,
				6306411226961F5A009D7E45 /* Assets.xcassets in Resources */,
			);
			runOnlyForDeploymentPostprocessing = 0;
		};
/* End PBXResourcesBuildPhase section */

/* Begin PBXSourcesBuildPhase section */
		630640FE26961F58009D7E45 /* Sources */ = {
			isa = PBXSourcesBuildPhase;
			buildActionMask = 2147483647;
			files = (
				630641232696FFB0009D7E45 /* NetworkServise.swift in Sources */,
				630641212696FCA7009D7E45 /* Photo.swift in Sources */,
				638F5AC126978B9D00866112 /* CellVM.swift in Sources */,
				6306410A26961F58009D7E45 /* RootVC.swift in Sources */,
				6306411D2696FA3C009D7E45 /* PhotoCell.swift in Sources */,
				6306410626961F58009D7E45 /* AppDelegate.swift in Sources */,
				63C161EE26975B3F001AF452 /* RootVM.swift in Sources */,
				6306411026961F58009D7E45 /* PhotoCD.xcdatamodeld in Sources */,
				63C161F02697670C001AF452 /* DataSource.swift in Sources */,
				638F5ACD2697DB6000866112 /* PhotoLib.swift in Sources */,
				63064127269702C2009D7E45 /* Extension.swift in Sources */,
			);
			runOnlyForDeploymentPostprocessing = 0;
		};
/* End PBXSourcesBuildPhase section */

/* Begin PBXVariantGroup section */
		6306411326961F5A009D7E45 /* LaunchScreen.storyboard */ = {
			isa = PBXVariantGroup;
			children = (
				6306411426961F5A009D7E45 /* Base */,
			);
			name = LaunchScreen.storyboard;
			sourceTree = "<group>";
		};
/* End PBXVariantGroup section */

/* Begin XCBuildConfiguration section */
		6306411726961F5A009D7E45 /* Debug */ = {
			isa = XCBuildConfiguration;
			buildSettings = {
				ALWAYS_SEARCH_USER_PATHS = NO;
				CLANG_ANALYZER_NONNULL = YES;
				CLANG_ANALYZER_NUMBER_OBJECT_CONVERSION = YES_AGGRESSIVE;
				CLANG_CXX_LANGUAGE_STANDARD = "gnu++14";
				CLANG_CXX_LIBRARY = "libc++";
				CLANG_ENABLE_MODULES = YES;
				CLANG_ENABLE_OBJC_ARC = YES;
				CLANG_ENABLE_OBJC_WEAK = YES;
				CLANG_WARN_BLOCK_CAPTURE_AUTORELEASING = YES;
				CLANG_WARN_BOOL_CONVERSION = YES;
				CLANG_WARN_COMMA = YES;
				CLANG_WARN_CONSTANT_CONVERSION = YES;
				CLANG_WARN_DEPRECATED_OBJC_IMPLEMENTATIONS = YES;
				CLANG_WARN_DIRECT_OBJC_ISA_USAGE = YES_ERROR;
				CLANG_WARN_DOCUMENTATION_COMMENTS = YES;
				CLANG_WARN_EMPTY_BODY = YES;
				CLANG_WARN_ENUM_CONVERSION = YES;
				CLANG_WARN_INFINITE_RECURSION = YES;
				CLANG_WARN_INT_CONVERSION = YES;
				CLANG_WARN_NON_LITERAL_NULL_CONVERSION = YES;
				CLANG_WARN_OBJC_IMPLICIT_RETAIN_SELF = YES;
				CLANG_WARN_OBJC_LITERAL_CONVERSION = YES;
				CLANG_WARN_OBJC_ROOT_CLASS = YES_ERROR;
				CLANG_WARN_QUOTED_INCLUDE_IN_FRAMEWORK_HEADER = YES;
				CLANG_WARN_RANGE_LOOP_ANALYSIS = YES;
				CLANG_WARN_STRICT_PROTOTYPES = YES;
				CLANG_WARN_SUSPICIOUS_MOVE = YES;
				CLANG_WARN_UNGUARDED_AVAILABILITY = YES_AGGRESSIVE;
				CLANG_WARN_UNREACHABLE_CODE = YES;
				CLANG_WARN__DUPLICATE_METHOD_MATCH = YES;
				COPY_PHASE_STRIP = NO;
				DEBUG_INFORMATION_FORMAT = dwarf;
				ENABLE_STRICT_OBJC_MSGSEND = YES;
				ENABLE_TESTABILITY = YES;
				GCC_C_LANGUAGE_STANDARD = gnu11;
				GCC_DYNAMIC_NO_PIC = NO;
				GCC_NO_COMMON_BLOCKS = YES;
				GCC_OPTIMIZATION_LEVEL = 0;
				GCC_PREPROCESSOR_DEFINITIONS = (
					"DEBUG=1",
					"$(inherited)",
				);
				GCC_WARN_64_TO_32_BIT_CONVERSION = YES;
				GCC_WARN_ABOUT_RETURN_TYPE = YES_ERROR;
				GCC_WARN_UNDECLARED_SELECTOR = YES;
				GCC_WARN_UNINITIALIZED_AUTOS = YES_AGGRESSIVE;
				GCC_WARN_UNUSED_FUNCTION = YES;
				GCC_WARN_UNUSED_VARIABLE = YES;
				IPHONEOS_DEPLOYMENT_TARGET = 14.5;
				MTL_ENABLE_DEBUG_INFO = INCLUDE_SOURCE;
				MTL_FAST_MATH = YES;
				ONLY_ACTIVE_ARCH = YES;
				SDKROOT = iphoneos;
				SWIFT_ACTIVE_COMPILATION_CONDITIONS = DEBUG;
				SWIFT_OPTIMIZATION_LEVEL = "-Onone";
			};
			name = Debug;
		};
		6306411826961F5A009D7E45 /* Release */ = {
			isa = XCBuildConfiguration;
			buildSettings = {
				ALWAYS_SEARCH_USER_PATHS = NO;
				CLANG_ANALYZER_NONNULL = YES;
				CLANG_ANALYZER_NUMBER_OBJECT_CONVERSION = YES_AGGRESSIVE;
				CLANG_CXX_LANGUAGE_STANDARD = "gnu++14";
				CLANG_CXX_LIBRARY = "libc++";
				CLANG_ENABLE_MODULES = YES;
				CLANG_ENABLE_OBJC_ARC = YES;
				CLANG_ENABLE_OBJC_WEAK = YES;
				CLANG_WARN_BLOCK_CAPTURE_AUTORELEASING = YES;
				CLANG_WARN_BOOL_CONVERSION = YES;
				CLANG_WARN_COMMA = YES;
				CLANG_WARN_CONSTANT_CONVERSION = YES;
				CLANG_WARN_DEPRECATED_OBJC_IMPLEMENTATIONS = YES;
				CLANG_WARN_DIRECT_OBJC_ISA_USAGE = YES_ERROR;
				CLANG_WARN_DOCUMENTATION_COMMENTS = YES;
				CLANG_WARN_EMPTY_BODY = YES;
				CLANG_WARN_ENUM_CONVERSION = YES;
				CLANG_WARN_INFINITE_RECURSION = YES;
				CLANG_WARN_INT_CONVERSION = YES;
				CLANG_WARN_NON_LITERAL_NULL_CONVERSION = YES;
				CLANG_WARN_OBJC_IMPLICIT_RETAIN_SELF = YES;
				CLANG_WARN_OBJC_LITERAL_CONVERSION = YES;
				CLANG_WARN_OBJC_ROOT_CLASS = YES_ERROR;
				CLANG_WARN_QUOTED_INCLUDE_IN_FRAMEWORK_HEADER = YES;
				CLANG_WARN_RANGE_LOOP_ANALYSIS = YES;
				CLANG_WARN_STRICT_PROTOTYPES = YES;
				CLANG_WARN_SUSPICIOUS_MOVE = YES;
				CLANG_WARN_UNGUARDED_AVAILABILITY = YES_AGGRESSIVE;
				CLANG_WARN_UNREACHABLE_CODE = YES;
				CLANG_WARN__DUPLICATE_METHOD_MATCH = YES;
				COPY_PHASE_STRIP = NO;
				DEBUG_INFORMATION_FORMAT = "dwarf-with-dsym";
				ENABLE_NS_ASSERTIONS = NO;
				ENABLE_STRICT_OBJC_MSGSEND = YES;
				GCC_C_LANGUAGE_STANDARD = gnu11;
				GCC_NO_COMMON_BLOCKS = YES;
				GCC_WARN_64_TO_32_BIT_CONVERSION = YES;
				GCC_WARN_ABOUT_RETURN_TYPE = YES_ERROR;
				GCC_WARN_UNDECLARED_SELECTOR = YES;
				GCC_WARN_UNINITIALIZED_AUTOS = YES_AGGRESSIVE;
				GCC_WARN_UNUSED_FUNCTION = YES;
				GCC_WARN_UNUSED_VARIABLE = YES;
				IPHONEOS_DEPLOYMENT_TARGET = 14.5;
				MTL_ENABLE_DEBUG_INFO = NO;
				MTL_FAST_MATH = YES;
				SDKROOT = iphoneos;
				SWIFT_COMPILATION_MODE = wholemodule;
				SWIFT_OPTIMIZATION_LEVEL = "-O";
				VALIDATE_PRODUCT = YES;
			};
			name = Release;
		};
		6306411A26961F5A009D7E45 /* Debug */ = {
			isa = XCBuildConfiguration;
			buildSettings = {
				ASSETCATALOG_COMPILER_APPICON_NAME = AppIcon;
				ASSETCATALOG_COMPILER_GLOBAL_ACCENT_COLOR_NAME = AccentColor;
				CODE_SIGN_STYLE = Automatic;
				DEVELOPMENT_TEAM = 3YGACN3ADP;
				INFOPLIST_FILE = kingbirdTestWork/Info.plist;
				IPHONEOS_DEPLOYMENT_TARGET = 14.5;
				LD_RUNPATH_SEARCH_PATHS = (
					"$(inherited)",
					"@executable_path/Frameworks",
				);
				PRODUCT_BUNDLE_IDENTIFIER = "sanderos2008-yandex.ru.kingbirdTestWork";
				PRODUCT_NAME = "$(TARGET_NAME)";
				SWIFT_VERSION = 5.0;
				TARGETED_DEVICE_FAMILY = "1,2";
			};
			name = Debug;
		};
		6306411B26961F5A009D7E45 /* Release */ = {
			isa = XCBuildConfiguration;
			buildSettings = {
				ASSETCATALOG_COMPILER_APPICON_NAME = AppIcon;
				ASSETCATALOG_COMPILER_GLOBAL_ACCENT_COLOR_NAME = AccentColor;
				CODE_SIGN_STYLE = Automatic;
				DEVELOPMENT_TEAM = 3YGACN3ADP;
				INFOPLIST_FILE = kingbirdTestWork/Info.plist;
				IPHONEOS_DEPLOYMENT_TARGET = 14.5;
				LD_RUNPATH_SEARCH_PATHS = (
					"$(inherited)",
					"@executable_path/Frameworks",
				);
				PRODUCT_BUNDLE_IDENTIFIER = "sanderos2008-yandex.ru.kingbirdTestWork";
				PRODUCT_NAME = "$(TARGET_NAME)";
				SWIFT_VERSION = 5.0;
				TARGETED_DEVICE_FAMILY = "1,2";
			};
			name = Release;
		};
/* End XCBuildConfiguration section */

/* Begin XCConfigurationList section */
		630640FD26961F58009D7E45 /* Build configuration list for PBXProject "kingbirdTestWork" */ = {
			isa = XCConfigurationList;
			buildConfigurations = (
				6306411726961F5A009D7E45 /* Debug */,
				6306411826961F5A009D7E45 /* Release */,
			);
			defaultConfigurationIsVisible = 0;
			defaultConfigurationName = Release;
		};
		6306411926961F5A009D7E45 /* Build configuration list for PBXNativeTarget "kingbirdTestWork" */ = {
			isa = XCConfigurationList;
			buildConfigurations = (
				6306411A26961F5A009D7E45 /* Debug */,
				6306411B26961F5A009D7E45 /* Release */,
			);
			defaultConfigurationIsVisible = 0;
			defaultConfigurationName = Release;
		};
/* End XCConfigurationList section */

/* Begin XCVersionGroup section */
		6306410E26961F58009D7E45 /* PhotoCD.xcdatamodeld */ = {
			isa = XCVersionGroup;
			children = (
				6306410F26961F58009D7E45 /* kingbirdTestWork.xcdatamodel */,
			);
			currentVersion = 6306410F26961F58009D7E45 /* kingbirdTestWork.xcdatamodel */;
			path = PhotoCD.xcdatamodeld;
			sourceTree = "<group>";
			versionGroupType = wrapper.xcdatamodel;
		};
/* End XCVersionGroup section */
	};
	rootObject = 630640FA26961F58009D7E45 /* Project object */;
}
